
Microsoft Visual Studio Solution File, Format Version 12.00
# Visual Studio 15
VisualStudioVersion = 15.0.27130.2026
MinimumVisualStudioVersion = 10.0.40219.1
Project("{9A19103F-16F7-4668-BE54-9A1E7A4F7556}") = "DotnetCoreAngular", "DotnetCoreAngular.csproj", "{31A49C16-572D-4C98-8AAE-8CA359E9C702}"
EndProject
Global
	GlobalSection(SolutionConfigurationPlatforms) = preSolution
		Debug|Any CPU = Debug|Any CPU
		Release|Any CPU = Release|Any CPU
	EndGlobalSection
	GlobalSection(ProjectConfigurationPlatforms) = postSolution
		{31A49C16-572D-4C98-8AAE-8CA359E9C702}.Debug|Any CPU.ActiveCfg = Debug|Any CPU
		{31A49C16-572D-4C98-8AAE-8CA359E9C702}.Debug|Any CPU.Build.0 = Debug|Any CPU
		{31A49C16-572D-4C98-8AAE-8CA359E9C702}.Release|Any CPU.ActiveCfg = Release|Any CPU
		{31A49C16-572D-4C98-8AAE-8CA359E9C702}.Release|Any CPU.Build.0 = Release|Any CPU
	EndGlobalSection
	GlobalSection(SolutionProperties) = preSolution
		HideSolutionNode = FALSE
	EndGlobalSection
	GlobalSection(ExtensibilityGlobals) = postSolution
		SolutionGuid = {D5E7CD8F-FEB0-4772-8175-163FDFE72111}
	EndGlobalSection
EndGlobal
